{
  "name": "k3capitalsolutions",
  "version": "1.0.0",
  "lockfileVersion": 1,
  "requires": true,
  "dependencies": {
    "lucide-react": {
      "version": "0.555.0",
      "resolved": "https://registry.npmjs.org/lucide-react/-/lucide-react-0.555.0.tgz",
      "integrity": "sha512-D8FvHUGbxWBRQM90NZeIyhAvkFfsh3u9ekrMvJ30Z6gnpBHS6HC6ldLg7tL45hwiIz/u66eKDtdA23gwwGsAHA=="
    }
  }
}
